
Microsoft Visual Studio Solution File, Format Version 12.00
# Visual Studio Version 17
VisualStudioVersion = 17.8.34330.188
MinimumVisualStudioVersion = 10.0.40219.1
Project("{FAE04EC0-301F-11D3-BF4B-00C04F79EFBC}") = "SignalR.Api", "src\SignalR.Api\SignalR.Api.csproj", "{15F93296-7C34-4D07-8482-B01F57487CEF}"
EndProject
Project("{FAE04EC0-301F-11D3-BF4B-00C04F79EFBC}") = "SignalR.Data", "src\SignalR.Data\SignalR.Data.csproj", "{9CDED507-155C-4494-82D1-22F869E2F6B8}"
EndProject
Project("{FAE04EC0-301F-11D3-BF4B-00C04F79EFBC}") = "SignalR.Hubs", "src\SignalR.Hubs\SignalR.Hubs.csproj", "{03A80796-6DB1-42D5-BFB6-04758D8B5C6E}"
EndProject
Global
	GlobalSection(SolutionConfigurationPlatforms) = preSolution
		Debug|Any CPU = Debug|Any CPU
		Release|Any CPU = Release|Any CPU
	EndGlobalSection
	GlobalSection(ProjectConfigurationPlatforms) = postSolution
		{15F93296-7C34-4D07-8482-B01F57487CEF}.Debug|Any CPU.ActiveCfg = Debug|Any CPU
		{15F93296-7C34-4D07-8482-B01F57487CEF}.Debug|Any CPU.Build.0 = Debug|Any CPU
		{15F93296-7C34-4D07-8482-B01F57487CEF}.Release|Any CPU.ActiveCfg = Release|Any CPU
		{15F93296-7C34-4D07-8482-B01F57487CEF}.Release|Any CPU.Build.0 = Release|Any CPU
		{9CDED507-155C-4494-82D1-22F869E2F6B8}.Debug|Any CPU.ActiveCfg = Debug|Any CPU
		{9CDED507-155C-4494-82D1-22F869E2F6B8}.Debug|Any CPU.Build.0 = Debug|Any CPU
		{9CDED507-155C-4494-82D1-22F869E2F6B8}.Release|Any CPU.ActiveCfg = Release|Any CPU
		{9CDED507-155C-4494-82D1-22F869E2F6B8}.Release|Any CPU.Build.0 = Release|Any CPU
		{03A80796-6DB1-42D5-BFB6-04758D8B5C6E}.Debug|Any CPU.ActiveCfg = Debug|Any CPU
		{03A80796-6DB1-42D5-BFB6-04758D8B5C6E}.Debug|Any CPU.Build.0 = Debug|Any CPU
		{03A80796-6DB1-42D5-BFB6-04758D8B5C6E}.Release|Any CPU.ActiveCfg = Release|Any CPU
		{03A80796-6DB1-42D5-BFB6-04758D8B5C6E}.Release|Any CPU.Build.0 = Release|Any CPU
	EndGlobalSection
	GlobalSection(SolutionProperties) = preSolution
		HideSolutionNode = FALSE
	EndGlobalSection
	GlobalSection(ExtensibilityGlobals) = postSolution
		SolutionGuid = {13889775-86AC-4EA6-8DC9-F3D97AB3588F}
	EndGlobalSection
	GlobalSection(NestedProjects) = preSolution
	EndGlobalSection
EndGlobal
